{
  "name": "spring-shell-e2e",
  "version": "2.1.0",
  "lockfileVersion": 2,
  "requires": true,
  "packages": {
    "": {
      "name": "spring-shell-e2e",
      "version": "2.1.0",
      "license": "ISC",
      "dependencies": {
        "node-pty": "0.11.0-beta25",
        "xterm-headless": "^5.0.0"
      },
      "devDependencies": {
        "@types/node": "^18.11.9",
        "prettier": "^2.6.2",
        "typescript": "^4.6.4"
      }
    },
    "node_modules/@types/node": {
      "version": "18.11.9",
      "resolved": "https://registry.npmjs.org/@types/node/-/node-18.11.9.tgz",
      "integrity": "sha512-CRpX21/kGdzjOpFsZSkcrXMGIBWMGNIHXXBVFSH+ggkftxg+XYP20TESbh+zFvFj3EQOl5byk0HTRn1IL6hbqg==",
      "dev": true
    },
    "node_modules/nan": {
      "version": "2.17.0",
      "resolved": "https://registry.npmjs.org/nan/-/nan-2.17.0.tgz",
      "integrity": "sha512-2ZTgtl0nJsO0KQCjEpxcIr5D+Yv90plTitZt9JBfQvVJDS5seMl3FOvsh3+9CoYWXf/1l5OaZzzF6nDm4cagaQ=="
    },
    "node_modules/node-pty": {
      "version": "0.11.0-beta25",
      "resolved": "https://registry.npmjs.org/node-pty/-/node-pty-0.11.0-beta25.tgz",
      "integrity": "sha512-EfNrXyG5qhV8r7Ctb8PM+E12atVKcWAnMZu9liOz1GDr9mU3LDSPk/yhYIvDEt7hkAuRqTV8ABg2NyCwBFfe+g==",
      "hasInstallScript": true,
      "dependencies": {
        "nan": "^2.17.0"
      }
    },
    "node_modules/prettier": {
      "version": "2.6.2",
      "resolved": "https://registry.npmjs.org/prettier/-/prettier-2.6.2.tgz",
      "integrity": "sha512-PkUpF+qoXTqhOeWL9fu7As8LXsIUZ1WYaJiY/a7McAQzxjk82OF0tibkFXVCDImZtWxbvojFjerkiLb0/q8mew==",
      "dev": true,
      "bin": {
        "prettier": "bin-prettier.js"
      },
      "engines": {
        "node": ">=10.13.0"
      },
      "funding": {
        "url": "https://github.com/prettier/prettier?sponsor=1"
      }
    },
    "node_modules/typescript": {
      "version": "4.6.4",
      "resolved": "https://registry.npmjs.org/typescript/-/typescript-4.6.4.tgz",
      "integrity": "sha512-9ia/jWHIEbo49HfjrLGfKbZSuWo9iTMwXO+Ca3pRsSpbsMbc7/IU8NKdCZVRRBafVPGnoJeFL76ZOAA84I9fEg==",
      "dev": true,
      "bin": {
        "tsc": "bin/tsc",
        "tsserver": "bin/tsserver"
      },
      "engines": {
        "node": ">=4.2.0"
      }
    },
    "node_modules/xterm-headless": {
      "version": "5.0.0",
      "resolved": "https://registry.npmjs.org/xterm-headless/-/xterm-headless-5.0.0.tgz",
      "integrity": "sha512-d+3C883Tz5zNCcapJSUpZVO8lplKhjJZtvuL4oIMTE74BX/3UsK7zUQgp5c6KS5Vv4FjFSb3XQA+n2Cx9Znq+w=="
    }
  },
  "dependencies": {
    "@types/node": {
      "version": "18.11.9",
      "resolved": "https://registry.npmjs.org/@types/node/-/node-18.11.9.tgz",
      "integrity": "sha512-CRpX21/kGdzjOpFsZSkcrXMGIBWMGNIHXXBVFSH+ggkftxg+XYP20TESbh+zFvFj3EQOl5byk0HTRn1IL6hbqg==",
      "dev": true
    },
    "nan": {
      "version": "2.17.0",
      "resolved": "https://registry.npmjs.org/nan/-/nan-2.17.0.tgz",
      "integrity": "sha512-2ZTgtl0nJsO0KQCjEpxcIr5D+Yv90plTitZt9JBfQvVJDS5seMl3FOvsh3+9CoYWXf/1l5OaZzzF6nDm4cagaQ=="
    },
    "node-pty": {
      "version": "0.11.0-beta25",
      "resolved": "https://registry.npmjs.org/node-pty/-/node-pty-0.11.0-beta25.tgz",
      "integrity": "sha512-EfNrXyG5qhV8r7Ctb8PM+E12atVKcWAnMZu9liOz1GDr9mU3LDSPk/yhYIvDEt7hkAuRqTV8ABg2NyCwBFfe+g==",
      "requires": {
        "nan": "^2.17.0"
      }
    },
    "prettier": {
      "version": "2.6.2",
      "resolved": "https://registry.npmjs.org/prettier/-/prettier-2.6.2.tgz",
      "integrity": "sha512-PkUpF+qoXTqhOeWL9fu7As8LXsIUZ1WYaJiY/a7McAQzxjk82OF0tibkFXVCDImZtWxbvojFjerkiLb0/q8mew==",
      "dev": true
    },
    "typescript": {
      "version": "4.6.4",
      "resolved": "https://registry.npmjs.org/typescript/-/typescript-4.6.4.tgz",
      "integrity": "sha512-9ia/jWHIEbo49HfjrLGfKbZSuWo9iTMwXO+Ca3pRsSpbsMbc7/IU8NKdCZVRRBafVPGnoJeFL76ZOAA84I9fEg==",
      "dev": true
    },
    "xterm-headless": {
      "version": "5.0.0",
      "resolved": "https://registry.npmjs.org/xterm-headless/-/xterm-headless-5.0.0.tgz",
      "integrity": "sha512-d+3C883Tz5zNCcapJSUpZVO8lplKhjJZtvuL4oIMTE74BX/3UsK7zUQgp5c6KS5Vv4FjFSb3XQA+n2Cx9Znq+w=="
    }
  }
}
